
Microsoft Visual Studio Solution File, Format Version 12.00
# Visual Studio Version 16
VisualStudioVersion = 16.0.30114.105
MinimumVisualStudioVersion = 10.0.40219.1
Project("{9A19103F-16F7-4668-BE54-9A1E7A4F7556}") = "APIGateway", "APIGateway\APIGateway.csproj", "{45DCAEB6-4E71-41BB-9147-EC77D11DBC16}"
EndProject
Project("{9A19103F-16F7-4668-BE54-9A1E7A4F7556}") = "AuthenAPI", "AuthenAPI\AuthenAPI.csproj", "{2365C253-1383-478A-8607-9CC829A44087}"
EndProject
Project("{9A19103F-16F7-4668-BE54-9A1E7A4F7556}") = "CartAPI", "CartAPI\CartAPI.csproj", "{DEA75AB7-E147-4611-8FBC-7AFAA27D7363}"
EndProject
Project("{9A19103F-16F7-4668-BE54-9A1E7A4F7556}") = "Database", "Database\Database.csproj", "{445BA4F5-B6D3-44CE-9A5B-706892EE511B}"
EndProject
Project("{9A19103F-16F7-4668-BE54-9A1E7A4F7556}") = "ProductAPI", "ProductAPI\ProductAPI.csproj", "{1B7ED723-A2DE-4A6B-AB58-2A36686010FB}"
EndProject
Project("{9A19103F-16F7-4668-BE54-9A1E7A4F7556}") = "ShopAPI", "ShopAPI\ShopAPI.csproj", "{0B546678-7E89-420C-B95A-AA19A13FD9E1}"
EndProject
Project("{9A19103F-16F7-4668-BE54-9A1E7A4F7556}") = "UserAPI", "UserAPI\UserAPI.csproj", "{027F04F7-2D6A-4817-B929-04A01B8827E2}"
EndProject
Project("{E53339B2-1760-4266-BCC7-CA923CBCF16C}") = "docker-compose", "docker-compose.dcproj", "{90F54685-BD7E-4821-9DED-E71ADC89365E}"
EndProject
Global
	GlobalSection(SolutionConfigurationPlatforms) = preSolution
		Debug|Any CPU = Debug|Any CPU
		Debug|x64 = Debug|x64
		Debug|x86 = Debug|x86
		Release|Any CPU = Release|Any CPU
		Release|x64 = Release|x64
		Release|x86 = Release|x86
	EndGlobalSection
	GlobalSection(ProjectConfigurationPlatforms) = postSolution
		{45DCAEB6-4E71-41BB-9147-EC77D11DBC16}.Debug|Any CPU.ActiveCfg = Debug|Any CPU
		{45DCAEB6-4E71-41BB-9147-EC77D11DBC16}.Debug|Any CPU.Build.0 = Debug|Any CPU
		{45DCAEB6-4E71-41BB-9147-EC77D11DBC16}.Debug|x64.ActiveCfg = Debug|Any CPU
		{45DCAEB6-4E71-41BB-9147-EC77D11DBC16}.Debug|x64.Build.0 = Debug|Any CPU
		{45DCAEB6-4E71-41BB-9147-EC77D11DBC16}.Debug|x86.ActiveCfg = Debug|Any CPU
		{45DCAEB6-4E71-41BB-9147-EC77D11DBC16}.Debug|x86.Build.0 = Debug|Any CPU
		{45DCAEB6-4E71-41BB-9147-EC77D11DBC16}.Release|Any CPU.ActiveCfg = Release|Any CPU
		{45DCAEB6-4E71-41BB-9147-EC77D11DBC16}.Release|Any CPU.Build.0 = Release|Any CPU
		{45DCAEB6-4E71-41BB-9147-EC77D11DBC16}.Release|x64.ActiveCfg = Release|Any CPU
		{45DCAEB6-4E71-41BB-9147-EC77D11DBC16}.Release|x64.Build.0 = Release|Any CPU
		{45DCAEB6-4E71-41BB-9147-EC77D11DBC16}.Release|x86.ActiveCfg = Release|Any CPU
		{45DCAEB6-4E71-41BB-9147-EC77D11DBC16}.Release|x86.Build.0 = Release|Any CPU
		{2365C253-1383-478A-8607-9CC829A44087}.Debug|Any CPU.ActiveCfg = Debug|Any CPU
		{2365C253-1383-478A-8607-9CC829A44087}.Debug|Any CPU.Build.0 = Debug|Any CPU
		{2365C253-1383-478A-8607-9CC829A44087}.Debug|x64.ActiveCfg = Debug|Any CPU
		{2365C253-1383-478A-8607-9CC829A44087}.Debug|x64.Build.0 = Debug|Any CPU
		{2365C253-1383-478A-8607-9CC829A44087}.Debug|x86.ActiveCfg = Debug|Any CPU
		{2365C253-1383-478A-8607-9CC829A44087}.Debug|x86.Build.0 = Debug|Any CPU
		{2365C253-1383-478A-8607-9CC829A44087}.Release|Any CPU.ActiveCfg = Release|Any CPU
		{2365C253-1383-478A-8607-9CC829A44087}.Release|Any CPU.Build.0 = Release|Any CPU
		{2365C253-1383-478A-8607-9CC829A44087}.Release|x64.ActiveCfg = Release|Any CPU
		{2365C253-1383-478A-8607-9CC829A44087}.Release|x64.Build.0 = Release|Any CPU
		{2365C253-1383-478A-8607-9CC829A44087}.Release|x86.ActiveCfg = Release|Any CPU
		{2365C253-1383-478A-8607-9CC829A44087}.Release|x86.Build.0 = Release|Any CPU
		{DEA75AB7-E147-4611-8FBC-7AFAA27D7363}.Debug|Any CPU.ActiveCfg = Debug|Any CPU
		{DEA75AB7-E147-4611-8FBC-7AFAA27D7363}.Debug|Any CPU.Build.0 = Debug|Any CPU
		{DEA75AB7-E147-4611-8FBC-7AFAA27D7363}.Debug|x64.ActiveCfg = Debug|Any CPU
		{DEA75AB7-E147-4611-8FBC-7AFAA27D7363}.Debug|x64.Build.0 = Debug|Any CPU
		{DEA75AB7-E147-4611-8FBC-7AFAA27D7363}.Debug|x86.ActiveCfg = Debug|Any CPU
		{DEA75AB7-E147-4611-8FBC-7AFAA27D7363}.Debug|x86.Build.0 = Debug|Any CPU
		{DEA75AB7-E147-4611-8FBC-7AFAA27D7363}.Release|Any CPU.ActiveCfg = Release|Any CPU
		{DEA75AB7-E147-4611-8FBC-7AFAA27D7363}.Release|Any CPU.Build.0 = Release|Any CPU
		{DEA75AB7-E147-4611-8FBC-7AFAA27D7363}.Release|x64.ActiveCfg = Release|Any CPU
		{DEA75AB7-E147-4611-8FBC-7AFAA27D7363}.Release|x64.Build.0 = Release|Any CPU
		{DEA75AB7-E147-4611-8FBC-7AFAA27D7363}.Release|x86.ActiveCfg = Release|Any CPU
		{DEA75AB7-E147-4611-8FBC-7AFAA27D7363}.Release|x86.Build.0 = Release|Any CPU
		{445BA4F5-B6D3-44CE-9A5B-706892EE511B}.Debug|Any CPU.ActiveCfg = Debug|Any CPU
		{445BA4F5-B6D3-44CE-9A5B-706892EE511B}.Debug|Any CPU.Build.0 = Debug|Any CPU
		{445BA4F5-B6D3-44CE-9A5B-706892EE511B}.Debug|x64.ActiveCfg = Debug|Any CPU
		{445BA4F5-B6D3-44CE-9A5B-706892EE511B}.Debug|x64.Build.0 = Debug|Any CPU
		{445BA4F5-B6D3-44CE-9A5B-706892EE511B}.Debug|x86.ActiveCfg = Debug|Any CPU
		{445BA4F5-B6D3-44CE-9A5B-706892EE511B}.Debug|x86.Build.0 = Debug|Any CPU
		{445BA4F5-B6D3-44CE-9A5B-706892EE511B}.Release|Any CPU.ActiveCfg = Release|Any CPU
		{445BA4F5-B6D3-44CE-9A5B-706892EE511B}.Release|Any CPU.Build.0 = Release|Any CPU
		{445BA4F5-B6D3-44CE-9A5B-706892EE511B}.Release|x64.ActiveCfg = Release|Any CPU
		{445BA4F5-B6D3-44CE-9A5B-706892EE511B}.Release|x64.Build.0 = Release|Any CPU
		{445BA4F5-B6D3-44CE-9A5B-706892EE511B}.Release|x86.ActiveCfg = Release|Any CPU
		{445BA4F5-B6D3-44CE-9A5B-706892EE511B}.Release|x86.Build.0 = Release|Any CPU
		{1B7ED723-A2DE-4A6B-AB58-2A36686010FB}.Debug|Any CPU.ActiveCfg = Debug|Any CPU
		{1B7ED723-A2DE-4A6B-AB58-2A36686010FB}.Debug|Any CPU.Build.0 = Debug|Any CPU
		{1B7ED723-A2DE-4A6B-AB58-2A36686010FB}.Debug|x64.ActiveCfg = Debug|Any CPU
		{1B7ED723-A2DE-4A6B-AB58-2A36686010FB}.Debug|x64.Build.0 = Debug|Any CPU
		{1B7ED723-A2DE-4A6B-AB58-2A36686010FB}.Debug|x86.ActiveCfg = Debug|Any CPU
		{1B7ED723-A2DE-4A6B-AB58-2A36686010FB}.Debug|x86.Build.0 = Debug|Any CPU
		{1B7ED723-A2DE-4A6B-AB58-2A36686010FB}.Release|Any CPU.ActiveCfg = Release|Any CPU
		{1B7ED723-A2DE-4A6B-AB58-2A36686010FB}.Release|Any CPU.Build.0 = Release|Any CPU
		{1B7ED723-A2DE-4A6B-AB58-2A36686010FB}.Release|x64.ActiveCfg = Release|Any CPU
		{1B7ED723-A2DE-4A6B-AB58-2A36686010FB}.Release|x64.Build.0 = Release|Any CPU
		{1B7ED723-A2DE-4A6B-AB58-2A36686010FB}.Release|x86.ActiveCfg = Release|Any CPU
		{1B7ED723-A2DE-4A6B-AB58-2A36686010FB}.Release|x86.Build.0 = Release|Any CPU
		{0B546678-7E89-420C-B95A-AA19A13FD9E1}.Debug|Any CPU.ActiveCfg = Debug|Any CPU
		{0B546678-7E89-420C-B95A-AA19A13FD9E1}.Debug|Any CPU.Build.0 = Debug|Any CPU
		{0B546678-7E89-420C-B95A-AA19A13FD9E1}.Debug|x64.ActiveCfg = Debug|Any CPU
		{0B546678-7E89-420C-B95A-AA19A13FD9E1}.Debug|x64.Build.0 = Debug|Any CPU
		{0B546678-7E89-420C-B95A-AA19A13FD9E1}.Debug|x86.ActiveCfg = Debug|Any CPU
		{0B546678-7E89-420C-B95A-AA19A13FD9E1}.Debug|x86.Build.0 = Debug|Any CPU
		{0B546678-7E89-420C-B95A-AA19A13FD9E1}.Release|Any CPU.ActiveCfg = Release|Any CPU
		{0B546678-7E89-420C-B95A-AA19A13FD9E1}.Release|Any CPU.Build.0 = Release|Any CPU
		{0B546678-7E89-420C-B95A-AA19A13FD9E1}.Release|x64.ActiveCfg = Release|Any CPU
		{0B546678-7E89-420C-B95A-AA19A13FD9E1}.Release|x64.Build.0 = Release|Any CPU
		{0B546678-7E89-420C-B95A-AA19A13FD9E1}.Release|x86.ActiveCfg = Release|Any CPU
		{0B546678-7E89-420C-B95A-AA19A13FD9E1}.Release|x86.Build.0 = Release|Any CPU
		{027F04F7-2D6A-4817-B929-04A01B8827E2}.Debug|Any CPU.ActiveCfg = Debug|Any CPU
		{027F04F7-2D6A-4817-B929-04A01B8827E2}.Debug|Any CPU.Build.0 = Debug|Any CPU
		{027F04F7-2D6A-4817-B929-04A01B8827E2}.Debug|x64.ActiveCfg = Debug|Any CPU
		{027F04F7-2D6A-4817-B929-04A01B8827E2}.Debug|x64.Build.0 = Debug|Any CPU
		{027F04F7-2D6A-4817-B929-04A01B8827E2}.Debug|x86.ActiveCfg = Debug|Any CPU
		{027F04F7-2D6A-4817-B929-04A01B8827E2}.Debug|x86.Build.0 = Debug|Any CPU
		{027F04F7-2D6A-4817-B929-04A01B8827E2}.Release|Any CPU.ActiveCfg = Release|Any CPU
		{027F04F7-2D6A-4817-B929-04A01B8827E2}.Release|Any CPU.Build.0 = Release|Any CPU
		{027F04F7-2D6A-4817-B929-04A01B8827E2}.Release|x64.ActiveCfg = Release|Any CPU
		{027F04F7-2D6A-4817-B929-04A01B8827E2}.Release|x64.Build.0 = Release|Any CPU
		{027F04F7-2D6A-4817-B929-04A01B8827E2}.Release|x86.ActiveCfg = Release|Any CPU
		{027F04F7-2D6A-4817-B929-04A01B8827E2}.Release|x86.Build.0 = Release|Any CPU
		{90F54685-BD7E-4821-9DED-E71ADC89365E}.Debug|Any CPU.ActiveCfg = Debug|Any CPU
		{90F54685-BD7E-4821-9DED-E71ADC89365E}.Debug|Any CPU.Build.0 = Debug|Any CPU
		{90F54685-BD7E-4821-9DED-E71ADC89365E}.Debug|x64.ActiveCfg = Debug|Any CPU
		{90F54685-BD7E-4821-9DED-E71ADC89365E}.Debug|x64.Build.0 = Debug|Any CPU
		{90F54685-BD7E-4821-9DED-E71ADC89365E}.Debug|x86.ActiveCfg = Debug|Any CPU
		{90F54685-BD7E-4821-9DED-E71ADC89365E}.Debug|x86.Build.0 = Debug|Any CPU
		{90F54685-BD7E-4821-9DED-E71ADC89365E}.Release|Any CPU.ActiveCfg = Release|Any CPU
		{90F54685-BD7E-4821-9DED-E71ADC89365E}.Release|Any CPU.Build.0 = Release|Any CPU
		{90F54685-BD7E-4821-9DED-E71ADC89365E}.Release|x64.ActiveCfg = Release|Any CPU
		{90F54685-BD7E-4821-9DED-E71ADC89365E}.Release|x64.Build.0 = Release|Any CPU
		{90F54685-BD7E-4821-9DED-E71ADC89365E}.Release|x86.ActiveCfg = Release|Any CPU
		{90F54685-BD7E-4821-9DED-E71ADC89365E}.Release|x86.Build.0 = Release|Any CPU
	EndGlobalSection
	GlobalSection(SolutionProperties) = preSolution
		HideSolutionNode = FALSE
	EndGlobalSection
	GlobalSection(ExtensibilityGlobals) = postSolution
		SolutionGuid = {7CB90998-06DC-4570-80C7-760C7EEE4A1D}
	EndGlobalSection
EndGlobal
